// !$*UTF8*$!
{
	archiveVersion = 1;
	classes = {
	};
	objectVersion = 46;
	objects = {

/* Begin PBXBuildFile section */
		A05C25F91EDF892E009875D1 /* main.m in Sources */ = {isa = PBXBuildFile; fileRef = A05C25F81EDF892E009875D1 /* main.m */; };
		A05C25FC1EDF892E009875D1 /* AppDelegate.m in Sources */ = {isa = PBXBuildFile; fileRef = A05C25FB1EDF892E009875D1 /* AppDelegate.m */; };
		A05C25FF1EDF892E009875D1 /* ViewController.m in Sources */ = {isa = PBXBuildFile; fileRef = A05C25FE1EDF892E009875D1 /* ViewController.m */; };
		A05C26021EDF892E009875D1 /* Main.storyboard in Resources */ = {isa = PBXBuildFile; fileRef = A05C26001EDF892E009875D1 /* Main.storyboard */; };
		A05C26041EDF892E009875D1 /* Assets.xcassets in Resources */ = {isa = PBXBuildFile; fileRef = A05C26031EDF892E009875D1 /* Assets.xcassets */; };
		A05C26071EDF892E009875D1 /* LaunchScreen.storyboard in Resources */ = {isa = PBXBuildFile; fileRef = A05C26051EDF892E009875D1 /* LaunchScreen.storyboard */; };
		E85AFED207ACCF130CBAB010 /* libPods-CurrencyConversion.a in Frameworks */ = {isa = PBXBuildFile; fileRef = 1058BDD71AF0B32E675F3722 /* libPods-CurrencyConversion.a */; };
/* End PBXBuildFile section */

/* Begin PBXFileReference section */
		1058BDD71AF0B32E675F3722 /* libPods-CurrencyConversion.a */ = {isa = PBXFileReference; explicitFileType = archive.ar; includeInIndex = 0; path = "libPods-CurrencyConversion.a"; sourceTree = BUILT_PRODUCTS_DIR; };
		4AE7CCF3C1D6FD1641CA6D0F /* Pods-CurrencyConversion.release.xcconfig */ = {isa = PBXFileReference; includeInIndex = 1; lastKnownFileType = text.xcconfig; name = "Pods-CurrencyConversion.release.xcconfig"; path = "Pods/Target Support Files/Pods-CurrencyConversion/Pods-CurrencyConversion.release.xcconfig"; sourceTree = "<group>"; };
		A05C25F41EDF892E009875D1 /* CurrencyConversion.app */ = {isa = PBXFileReference; explicitFileType = wrapper.application; includeInIndex = 0; path = CurrencyConversion.app; sourceTree = BUILT_PRODUCTS_DIR; };
		A05C25F81EDF892E009875D1 /* main.m */ = {isa = PBXFileReference; lastKnownFileType = sourcecode.c.objc; path = main.m; sourceTree = "<group>"; };
		A05C25FA1EDF892E009875D1 /* AppDelegate.h */ = {isa = PBXFileReference; lastKnownFileType = sourcecode.c.h; path = AppDelegate.h; sourceTree = "<group>"; };
		A05C25FB1EDF892E009875D1 /* AppDelegate.m */ = {isa = PBXFileReference; lastKnownFileType = sourcecode.c.objc; path = AppDelegate.m; sourceTree = "<group>"; };
		A05C25FD1EDF892E009875D1 /* ViewController.h */ = {isa = PBXFileReference; lastKnownFileType = sourcecode.c.h; path = ViewController.h; sourceTree = "<group>"; };
		A05C25FE1EDF892E009875D1 /* ViewController.m */ = {isa = PBXFileReference; lastKnownFileType = sourcecode.c.objc; path = ViewController.m; sourceTree = "<group>"; };
		A05C26011EDF892E009875D1 /* Base */ = {isa = PBXFileReference; lastKnownFileType = file.storyboard; name = Base; path = Base.lproj/Main.storyboard; sourceTree = "<group>"; };
		A05C26031EDF892E009875D1 /* Assets.xcassets */ = {isa = PBXFileReference; lastKnownFileType = folder.assetcatalog; path = Assets.xcassets; sourceTree = "<group>"; };
		A05C26061EDF892E009875D1 /* Base */ = {isa = PBXFileReference; lastKnownFileType = file.storyboard; name = Base; path = Base.lproj/LaunchScreen.storyboard; sourceTree = "<group>"; };
		A05C26081EDF892E009875D1 /* Info.plist */ = {isa = PBXFileReference; lastKnownFileType = text.plist.xml; path = Info.plist; sourceTree = "<group>"; };
		E1C28EBE215A6E5A2147425F /* Pods-CurrencyConversion.debug.xcconfig */ = {isa = PBXFileReference; includeInIndex = 1; lastKnownFileType = text.xcconfig; name = "Pods-CurrencyConversion.debug.xcconfig"; path = "Pods/Target Support Files/Pods-CurrencyConversion/Pods-CurrencyConversion.debug.xcconfig"; sourceTree = "<group>"; };
/* End PBXFileReference section */

/* Begin PBXFrameworksBuildPhase section */
		A05C25F11EDF892D009875D1 /* Frameworks */ = {
			isa = PBXFrameworksBuildPhase;
			buildActionMask = 2147483647;
			files = (
				E85AFED207ACCF130CBAB010 /* libPods-CurrencyConversion.a in Frameworks */,
			);
			runOnlyForDeploymentPostprocessing = 0;
		};
/* End PBXFrameworksBuildPhase section */

/* Begin PBXGroup section */
		A05C25EB1EDF892D009875D1 = {
			isa = PBXGroup;
			children = (
				A05C25F61EDF892E009875D1 /* CurrencyConversion */,
				A05C25F51EDF892E009875D1 /* Products */,
				CFF27F0CBCA71F5EC1D4B68A /* Pods */,
				F90F3009E1B7A3F781A89BEA /* Frameworks */,
			);
			sourceTree = "<group>";
		};
		A05C25F51EDF892E009875D1 /* Products */ = {
			isa = PBXGroup;
			children = (
				A05C25F41EDF892E009875D1 /* CurrencyConversion.app */,
			);
			name = Products;
			sourceTree = "<group>";
		};
		A05C25F61EDF892E009875D1 /* CurrencyConversion */ = {
			isa = PBXGroup;
			children = (
				A05C25FA1EDF892E009875D1 /* AppDelegate.h */,
				A05C25FB1EDF892E009875D1 /* AppDelegate.m */,
				A05C25FD1EDF892E009875D1 /* ViewController.h */,
				A05C25FE1EDF892E009875D1 /* ViewController.m */,
				A05C26001EDF892E009875D1 /* Main.storyboard */,
				A05C26031EDF892E009875D1 /* Assets.xcassets */,
				A05C26051EDF892E009875D1 /* LaunchScreen.storyboard */,
				A05C26081EDF892E009875D1 /* Info.plist */,
				A05C25F71EDF892E009875D1 /* Supporting Files */,
			);
			path = CurrencyConversion;
			sourceTree = "<group>";
		};
		A05C25F71EDF892E009875D1 /* Supporting Files */ = {
			isa = PBXGroup;
			children = (
				A05C25F81EDF892E009875D1 /* main.m */,
			);
			name = "Supporting Files";
			sourceTree = "<group>";
		};
		CFF27F0CBCA71F5EC1D4B68A /* Pods */ = {
			isa = PBXGroup;
			children = (
				E1C28EBE215A6E5A2147425F /* Pods-CurrencyConversion.debug.xcconfig */,
				4AE7CCF3C1D6FD1641CA6D0F /* Pods-CurrencyConversion.release.xcconfig */,
			);
			name = Pods;
			sourceTree = "<group>";
		};
		F90F3009E1B7A3F781A89BEA /* Frameworks */ = {
			isa = PBXGroup;
			children = (
				1058BDD71AF0B32E675F3722 /* libPods-CurrencyConversion.a */,
			);
			name = Frameworks;
			sourceTree = "<group>";
		};
/* End PBXGroup section */

/* Begin PBXNativeTarget section */
		A05C25F31EDF892D009875D1 /* CurrencyConversion */ = {
			isa = PBXNativeTarget;
			buildConfigurationList = A05C260B1EDF892E009875D1 /* Build configuration list for PBXNativeTarget "CurrencyConversion" */;
			buildPhases = (
				E0DECFBC4F770C9432BDB9E9 /* [CP] Check Pods Manifest.lock */,
				A05C25F01EDF892D009875D1 /* Sources */,
				A05C25F11EDF892D009875D1 /* Frameworks */,
				A05C25F21EDF892D009875D1 /* Resources */,
				98DF0DD9FDB3B4D122010158 /* [CP] Embed Pods Frameworks */,
				DE905751B29DA1118075E35E /* [CP] Copy Pods Resources */,
			);
			buildRules = (
			);
			dependencies = (
			);
			name = CurrencyConversion;
			productName = CurrencyConversion;
			productReference = A05C25F41EDF892E009875D1 /* CurrencyConversion.app */;
			productType = "com.apple.product-type.application";
		};
/* End PBXNativeTarget section */

/* Begin PBXProject section */
		A05C25EC1EDF892D009875D1 /* Project object */ = {
			isa = PBXProject;
			attributes = {
				LastUpgradeCheck = 0820;
				ORGANIZATIONNAME = "Lucas Yang";
				TargetAttributes = {
					A05C25F31EDF892D009875D1 = {
						CreatedOnToolsVersion = 8.2.1;
						ProvisioningStyle = Automatic;
					};
				};
			};
			buildConfigurationList = A05C25EF1EDF892D009875D1 /* Build configuration list for PBXProject "CurrencyConversion" */;
			compatibilityVersion = "Xcode 3.2";
			developmentRegion = English;
			hasScannedForEncodings = 0;
			knownRegions = (
				en,
				Base,
			);
			mainGroup = A05C25EB1EDF892D009875D1;
			productRefGroup = A05C25F51EDF892E009875D1 /* Products */;
			projectDirPath = "";
			projectRoot = "";
			targets = (
				A05C25F31EDF892D009875D1 /* CurrencyConversion */,
			);
		};
/* End PBXProject section */

/* Begin PBXResourcesBuildPhase section */
		A05C25F21EDF892D009875D1 /* Resources */ = {
			isa = PBXResourcesBuildPhase;
			buildActionMask = 2147483647;
			files = (
				A05C26071EDF892E009875D1 /* LaunchScreen.storyboard in Resources */,
				A05C26041EDF892E009875D1 /* Assets.xcassets in Resources */,
				A05C26021EDF892E009875D1 /* Main.storyboard in Resources */,
			);
			runOnlyForDeploymentPostprocessing = 0;
		};
/* End PBXResourcesBuildPhase section */

/* Begin PBXShellScriptBuildPhase section */
		98DF0DD9FDB3B4D122010158 /* [CP] Embed Pods Frameworks */ = {
			isa = PBXShellScriptBuildPhase;
			buildActionMask = 2147483647;
			files = (
			);
			inputPaths = (
			);
			name = "[CP] Embed Pods Frameworks";
			outputPaths = (
			);
			runOnlyForDeploymentPostprocessing = 0;
			shellPath = /bin/sh;
			shellScript = "\"${SRCROOT}/Pods/Target Support Files/Pods-CurrencyConversion/Pods-CurrencyConversion-frameworks.sh\"\n";
			showEnvVarsInLog = 0;
		};
		DE905751B29DA1118075E35E /* [CP] Copy Pods Resources */ = {
			isa = PBXShellScriptBuildPhase;
			buildActionMask = 2147483647;
			files = (
			);
			inputPaths = (
			);
			name = "[CP] Copy Pods Resources";
			outputPaths = (
			);
			runOnlyForDeploymentPostprocessing = 0;
			shellPath = /bin/sh;
			shellScript = "\"${SRCROOT}/Pods/Target Support Files/Pods-CurrencyConversion/Pods-CurrencyConversion-resources.sh\"\n";
			showEnvVarsInLog = 0;
		};
		E0DECFBC4F770C9432BDB9E9 /* [CP] Check Pods Manifest.lock */ = {
			isa = PBXShellScriptBuildPhase;
			buildActionMask = 2147483647;
			files = (
			);
			inputPaths = (
			);
			name = "[CP] Check Pods Manifest.lock";
			outputPaths = (
			);
			runOnlyForDeploymentPostprocessing = 0;
			shellPath = /bin/sh;
			shellScript = "diff \"${PODS_PODFILE_DIR_PATH}/Podfile.lock\" \"${PODS_ROOT}/Manifest.lock\" > /dev/null\nif [ $? != 0 ] ; then\n    # print error to STDERR\n    echo \"error: The sandbox is not in sync with the Podfile.lock. Run 'pod install' or update your CocoaPods installation.\" >&2\n    exit 1\nfi\n";
			showEnvVarsInLog = 0;
		};
/* End PBXShellScriptBuildPhase section */

/* Begin PBXSourcesBuildPhase section */
		A05C25F01EDF892D009875D1 /* Sources */ = {
			isa = PBXSourcesBuildPhase;
			buildActionMask = 2147483647;
			files = (
				A05C25FF1EDF892E009875D1 /* ViewController.m in Sources */,
				A05C25FC1EDF892E009875D1 /* AppDelegate.m in Sources */,
				A05C25F91EDF892E009875D1 /* main.m in Sources */,
			);
			runOnlyForDeploymentPostprocessing = 0;
		};
/* End PBXSourcesBuildPhase section */

/* Begin PBXVariantGroup section */
		A05C26001EDF892E009875D1 /* Main.storyboard */ = {
			isa = PBXVariantGroup;
			children = (
				A05C26011EDF892E009875D1 /* Base */,
			);
			name = Main.storyboard;
			sourceTree = "<group>";
		};
		A05C26051EDF892E009875D1 /* LaunchScreen.storyboard */ = {
			isa = PBXVariantGroup;
			children = (
				A05C26061EDF892E009875D1 /* Base */,
			);
			name = LaunchScreen.storyboard;
			sourceTree = "<group>";
		};
/* End PBXVariantGroup section */

/* Begin XCBuildConfiguration section */
		A05C26091EDF892E009875D1 /* Debug */ = {
			isa = XCBuildConfiguration;
			buildSettings = {
				ALWAYS_SEARCH_USER_PATHS = NO;
				CLANG_ANALYZER_NONNULL = YES;
				CLANG_CXX_LANGUAGE_STANDARD = "gnu++0x";
				CLANG_CXX_LIBRARY = "libc++";
				CLANG_ENABLE_MODULES = YES;
				CLANG_ENABLE_OBJC_ARC = YES;
				CLANG_WARN_BOOL_CONVERSION = YES;
				CLANG_WARN_CONSTANT_CONVERSION = YES;
				CLANG_WARN_DIRECT_OBJC_ISA_USAGE = YES_ERROR;
				CLANG_WARN_DOCUMENTATION_COMMENTS = YES;
				CLANG_WARN_EMPTY_BODY = YES;
				CLANG_WARN_ENUM_CONVERSION = YES;
				CLANG_WARN_INFINITE_RECURSION = YES;
				CLANG_WARN_INT_CONVERSION = YES;
				CLANG_WARN_OBJC_ROOT_CLASS = YES_ERROR;
				CLANG_WARN_SUSPICIOUS_MOVE = YES;
				CLANG_WARN_UNREACHABLE_CODE = YES;
				CLANG_WARN__DUPLICATE_METHOD_MATCH = YES;
				"CODE_SIGN_IDENTITY[sdk=iphoneos*]" = "iPhone Developer";
				COPY_PHASE_STRIP = NO;
				DEBUG_INFORMATION_FORMAT = dwarf;
				ENABLE_STRICT_OBJC_MSGSEND = YES;
				ENABLE_TESTABILITY = YES;
				GCC_C_LANGUAGE_STANDARD = gnu99;
				GCC_DYNAMIC_NO_PIC = NO;
				GCC_NO_COMMON_BLOCKS = YES;
				GCC_OPTIMIZATION_LEVEL = 0;
				GCC_PREPROCESSOR_DEFINITIONS = (
					"DEBUG=1",
					"$(inherited)",
				);
				GCC_WARN_64_TO_32_BIT_CONVERSION = YES;
				GCC_WARN_ABOUT_RETURN_TYPE = YES_ERROR;
				GCC_WARN_UNDECLARED_SELECTOR = YES;
				GCC_WARN_UNINITIALIZED_AUTOS = YES_AGGRESSIVE;
				GCC_WARN_UNUSED_FUNCTION = YES;
				GCC_WARN_UNUSED_VARIABLE = YES;
				IPHONEOS_DEPLOYMENT_TARGET = 10.2;
				MTL_ENABLE_DEBUG_INFO = YES;
				ONLY_ACTIVE_ARCH = YES;
				SDKROOT = iphoneos;
				TARGETED_DEVICE_FAMILY = "1,2";
			};
			name = Debug;
		};
		A05C260A1EDF892E009875D1 /* Release */ = {
			isa = XCBuildConfiguration;
			buildSettings = {
				ALWAYS_SEARCH_USER_PATHS = NO;
				CLANG_ANALYZER_NONNULL = YES;
				CLANG_CXX_LANGUAGE_STANDARD = "gnu++0x";
				CLANG_CXX_LIBRARY = "libc++";
				CLANG_ENABLE_MODULES = YES;
				CLANG_ENABLE_OBJC_ARC = YES;
				CLANG_WARN_BOOL_CONVERSION = YES;
				CLANG_WARN_CONSTANT_CONVERSION = YES;
				CLANG_WARN_DIRECT_OBJC_ISA_USAGE = YES_ERROR;
				CLANG_WARN_DOCUMENTATION_COMMENTS = YES;
				CLANG_WARN_EMPTY_BODY = YES;
				CLANG_WARN_ENUM_CONVERSION = YES;
				CLANG_WARN_INFINITE_RECURSION = YES;
				CLANG_WARN_INT_CONVERSION = YES;
				CLANG_WARN_OBJC_ROOT_CLASS = YES_ERROR;
				CLANG_WARN_SUSPICIOUS_MOVE = YES;
				CLANG_WARN_UNREACHABLE_CODE = YES;
				CLANG_WARN__DUPLICATE_METHOD_MATCH = YES;
				"CODE_SIGN_IDENTITY[sdk=iphoneos*]" = "iPhone Developer";
				COPY_PHASE_STRIP = NO;
				DEBUG_INFORMATION_FORMAT = "dwarf-with-dsym";
				ENABLE_NS_ASSERTIONS = NO;
				ENABLE_STRICT_OBJC_MSGSEND = YES;
				GCC_C_LANGUAGE_STANDARD = gnu99;
				GCC_NO_COMMON_BLOCKS = YES;
				GCC_WARN_64_TO_32_BIT_CONVERSION = YES;
				GCC_WARN_ABOUT_RETURN_TYPE = YES_ERROR;
				GCC_WARN_UNDECLARED_SELECTOR = YES;
				GCC_WARN_UNINITIALIZED_AUTOS = YES_AGGRESSIVE;
				GCC_WARN_UNUSED_FUNCTION = YES;
				GCC_WARN_UNUSED_VARIABLE = YES;
				IPHONEOS_DEPLOYMENT_TARGET = 10.2;
				MTL_ENABLE_DEBUG_INFO = NO;
				SDKROOT = iphoneos;
				TARGETED_DEVICE_FAMILY = "1,2";
				VALIDATE_PRODUCT = YES;
			};
			name = Release;
		};
		A05C260C1EDF892E009875D1 /* Debug */ = {
			isa = XCBuildConfiguration;
			baseConfigurationReference = E1C28EBE215A6E5A2147425F /* Pods-CurrencyConversion.debug.xcconfig */;
			buildSettings = {
				ASSETCATALOG_COMPILER_APPICON_NAME = AppIcon;
				INFOPLIST_FILE = CurrencyConversion/Info.plist;
				LD_RUNPATH_SEARCH_PATHS = "$(inherited) @executable_path/Frameworks";
				PRODUCT_BUNDLE_IDENTIFIER = com.helloworld.CurrencyConversion;
				PRODUCT_NAME = "$(TARGET_NAME)";
			};
			name = Debug;
		};
		A05C260D1EDF892E009875D1 /* Release */ = {
			isa = XCBuildConfiguration;
			baseConfigurationReference = 4AE7CCF3C1D6FD1641CA6D0F /* Pods-CurrencyConversion.release.xcconfig */;
			buildSettings = {
				ASSETCATALOG_COMPILER_APPICON_NAME = AppIcon;
				INFOPLIST_FILE = CurrencyConversion/Info.plist;
				LD_RUNPATH_SEARCH_PATHS = "$(inherited) @executable_path/Frameworks";
				PRODUCT_BUNDLE_IDENTIFIER = com.helloworld.CurrencyConversion;
				PRODUCT_NAME = "$(TARGET_NAME)";
			};
			name = Release;
		};
/* End XCBuildConfiguration section */

/* Begin XCConfigurationList section */
		A05C25EF1EDF892D009875D1 /* Build configuration list for PBXProject "CurrencyConversion" */ = {
			isa = XCConfigurationList;
			buildConfigurations = (
				A05C26091EDF892E009875D1 /* Debug */,
				A05C260A1EDF892E009875D1 /* Release */,
			);
			defaultConfigurationIsVisible = 0;
			defaultConfigurationName = Release;
		};
		A05C260B1EDF892E009875D1 /* Build configuration list for PBXNativeTarget "CurrencyConversion" */ = {
			isa = XCConfigurationList;
			buildConfigurations = (
				A05C260C1EDF892E009875D1 /* Debug */,
				A05C260D1EDF892E009875D1 /* Release */,
			);
			defaultConfigurationIsVisible = 0;
		};
/* End XCConfigurationList section */
	};
	rootObject = A05C25EC1EDF892D009875D1 /* Project object */;
}
